
Microsoft Visual Studio Solution File, Format Version 12.00
# Visual Studio Version 16
VisualStudioVersion = 16.0.32901.82
MinimumVisualStudioVersion = 10.0.40219.1
Project("{9A19103F-16F7-4668-BE54-9A1E7A4F7556}") = "ProductService", "ProductService\ProductService.csproj", "{B555D5B1-4A45-44DE-A55E-40C555EBBBCD}"
EndProject
Project("{FAE04EC0-301F-11D3-BF4B-00C04F79EFBC}") = "ProductDtos", "ProductDtos\ProductDtos.csproj", "{C0997D16-E855-47DA-BAF6-E5B57F471DAA}"
EndProject
Project("{E53339B2-1760-4266-BCC7-CA923CBCF16C}") = "docker-compose", "docker-compose.dcproj", "{AAEC0126-786C-4B9E-8E40-B7614644C02B}"
EndProject
Global
	GlobalSection(SolutionConfigurationPlatforms) = preSolution
		Debug|Any CPU = Debug|Any CPU
		Release|Any CPU = Release|Any CPU
	EndGlobalSection
	GlobalSection(ProjectConfigurationPlatforms) = postSolution
		{B555D5B1-4A45-44DE-A55E-40C555EBBBCD}.Debug|Any CPU.ActiveCfg = Debug|Any CPU
		{B555D5B1-4A45-44DE-A55E-40C555EBBBCD}.Debug|Any CPU.Build.0 = Debug|Any CPU
		{B555D5B1-4A45-44DE-A55E-40C555EBBBCD}.Release|Any CPU.ActiveCfg = Release|Any CPU
		{B555D5B1-4A45-44DE-A55E-40C555EBBBCD}.Release|Any CPU.Build.0 = Release|Any CPU
		{C0997D16-E855-47DA-BAF6-E5B57F471DAA}.Debug|Any CPU.ActiveCfg = Debug|Any CPU
		{C0997D16-E855-47DA-BAF6-E5B57F471DAA}.Debug|Any CPU.Build.0 = Debug|Any CPU
		{C0997D16-E855-47DA-BAF6-E5B57F471DAA}.Release|Any CPU.ActiveCfg = Release|Any CPU
		{C0997D16-E855-47DA-BAF6-E5B57F471DAA}.Release|Any CPU.Build.0 = Release|Any CPU
		{AAEC0126-786C-4B9E-8E40-B7614644C02B}.Debug|Any CPU.ActiveCfg = Debug|Any CPU
		{AAEC0126-786C-4B9E-8E40-B7614644C02B}.Debug|Any CPU.Build.0 = Debug|Any CPU
		{AAEC0126-786C-4B9E-8E40-B7614644C02B}.Release|Any CPU.ActiveCfg = Release|Any CPU
		{AAEC0126-786C-4B9E-8E40-B7614644C02B}.Release|Any CPU.Build.0 = Release|Any CPU
	EndGlobalSection
	GlobalSection(SolutionProperties) = preSolution
		HideSolutionNode = FALSE
	EndGlobalSection
	GlobalSection(ExtensibilityGlobals) = postSolution
		SolutionGuid = {8A0F2B42-FCC1-466F-9ED6-0F7E33F4709C}
	EndGlobalSection
EndGlobal
